github.com/beevik/ntp v0.2.0 h1:sGsd+kAXzT0bfVfzJfce04g+dSRfrs+tbQW8lweuYgw=
github.com/beevik/ntp v0.2.0/go.mod h1:hIHWr+l3+/clUnF44zdK+CWW7fO8dR5cIylAQ76NRpg=
github.com/davecgh/go-spew v1.1.0 h1:ZDRjVQ15GmhC3fiQ8ni8+OwkZQO4DARzQgrnXU1Liz8=
github.com/davecgh/go-spew v1.1.0/go.mod h1:J7Y8YcW2NihsgmVo/mv3lAwl/skON4iLHjSsI+c5H38=
github.com/dvyukov/go-fuzz v0.0.0-20191022152526-8cb203812681/go.mod h1:11Gm+ccJnvAhCNLlf5+cS9KjtbaD5I5zaZpFMsTHWTw=
github.com/dvyukov/go-fuzz v0.0.0-20191206100749-a378175e205c/go.mod h1:11Gm+ccJnvAhCNLlf5+cS9KjtbaD5I5zaZpFMsTHWTw=
github.com/golang/snappy v0.0.1 h1:Qgr9rKW7uDUkrbSmQeiDsGa8SjGyCOGtuasMWwvp2P4=
github.com/golang/snappy v0.0.1/go.mod h1:/XxbfmMg8lxefKM7IXC3fBNl/7bRcc72aCRzEWrmP2Q=
github.com/google/gopacket v1.1.18-0.20190926102631-33810c487ced h1:BIKw9t86FwdvLUQhdlibsXxcFyABQ1EHCANv1AZn+1A=
github.com/google/gopacket v1.1.18-0.20190926102631-33810c487ced/go.mod h1:UdDNZ1OO62aGYVnPhxT1U6aI7ukYtA/kB8vaU0diBUM=
github.com/pmezard/go-difflib v1.0.0 h1:4DBwDE0NGyQoBHbLQYPwSUPoCMWR5BEzIk/f1lZbAQM=
github.com/pmezard/go-difflib v1.0.0/go.mod h1:iKH77koFhYxTK1pcRnkKkqfTogsbg7gZNVY4sRDYZ/4=
github.com/reusee/dscope v0.0.0-20191018105111-7ecfb7afe792 h1:4leDLaQ9bcs6EOIIq5G+G6E3ZTESSv4bpHKJDOx5qDE=
github.com/reusee/dscope v0.0.0-20191018105111-7ecfb7afe792/go.mod h1:3YStua5Cdi2FJixYwigqIUYhARAZ8fQSTSNZ2ZotVA8=
github.com/reusee/dscope v0.0.0-20200228021715-7d32b4bb7ea9 h1:sFedu0oXKZKNouhNed78z488mJzEa0jsYtC5eLnPILM=
github.com/reusee/dscope v0.0.0-20200228021715-7d32b4bb7ea9/go.mod h1:3YStua5Cdi2FJixYwigqIUYhARAZ8fQSTSNZ2ZotVA8=
github.com/reusee/e/v2 v2.3.3 h1:/voLHd60okWZ1KEaY4Pln877sbxYQJR2qj48bpWyI0I=
github.com/reusee/e/v2 v2.3.3/go.mod h1:kykJjxDURd5MAGzB+xkwN7WxfuZaotLjTssHtjpi5LQ=
github.com/reusee/sb v0.0.0-20191102062618-aeeec29a62ce h1:/Als6k8Ts5PQf8IeHGwLCab2x/Sc0k0CkKwob3OKel4=
github.com/reusee/sb v0.0.0-20191102062618-aeeec29a62ce/go.mod h1:JxX20AEFv/HCYf2tjw+a4yt3q1t7YaxGm4F5UPKCneA=
github.com/reusee/sb v0.0.0-20191103125609-219c231cbc84 h1:ahM/lk1pJuAl9Te38IH41dnqxQtBiAvcJpuofy5EM7I=
github.com/reusee/sb v0.0.0-20191103125609-219c231cbc84/go.mod h1:JxX20AEFv/HCYf2tjw+a4yt3q1t7YaxGm4F5UPKCneA=
github.com/reusee/sb v0.0.0-20191107090601-ab489403963e h1:p5jaUsBi9k+Cya0LpI0KXA2uvQ8xhpCVAm3FgMlBpa8=
github.com/reusee/sb v0.0.0-20191107090601-ab489403963e/go.mod h1:JxX20AEFv/HCYf2tjw+a4yt3q1t7YaxGm4F5UPKCneA=
github.com/reusee/sb v0.0.0-20191113130640-101950839bf4 h1:EGFXD2emgNcP0J7yi6LkcSl45+kIfxlHZdnH04Bbdhs=
github.com/reusee/sb v0.0.0-20191113130640-101950839bf4/go.mod h1:JxX20AEFv/HCYf2tjw+a4yt3q1t7YaxGm4F5UPKCneA=
github.com/reusee/sb v0.0.0-20200110071644-5f0044bf645b h1:RWadvPW1lMv1ZkdgIJ8lxln2DNWukYgVnRzigZ+Y024=
github.com/reusee/sb v0.0.0-20200110071644-5f0044bf645b/go.mod h1:X2132bhIwkn1fc+usHN65wrj+uym0XCF8ZeG1NYAAgo=
github.com/reusee/sb v0.0.0-20200215031522-655da1f20999 h1:35+EPn9azCov9N95BxZaIwZirOkISGUzC/uxqw0BfHg=
github.com/reusee/sb v0.0.0-20200215031522-655da1f20999/go.mod h1:X2132bhIwkn1fc+usHN65wrj+uym0XCF8ZeG1NYAAgo=
github.com/reusee/sb v0.0.0-20200224171110-bdd8d75a4974 h1:+kh+wEg08KF6gFRJp0Q8ISRELiNbkngZwcmNrxfcSVc=
github.com/reusee/sb v0.0.0-20200224171110-bdd8d75a4974/go.mod h1:X2132bhIwkn1fc+usHN65wrj+uym0XCF8ZeG1NYAAgo=
github.com/reusee/sb v0.0.0-20200301052339-42c2ebaf5327 h1:WbF2rFGwW3flG63MIvcXe89dZfa+4MBZ5jsrmwMT1+Y=
github.com/reusee/sb v0.0.0-20200301052339-42c2ebaf5327/go.mod h1:X2132bhIwkn1fc+usHN65wrj+uym0XCF8ZeG1NYAAgo=
github.com/songgao/water v0.0.0-20190725173103-fd331bda3f4b h1:+y4hCMc/WKsDbAPsOQZgBSaSZ26uh2afyaWeVg/3s/c=
github.com/songgao/water v0.0.0-20190725173103-fd331bda3f4b/go.mod h1:P5HUIBuIWKbyjl083/loAegFkfbFNx5i2qEP4CNbm7E=
github.com/stretchr/objx v0.1.0/go.mod h1:HFkY916IF+rwdDfMAkV7OtwuqBVzrE8GR6GFx+wExME=
github.com/stretchr/testify v1.4.0 h1:2E4SXV/wtOkTonXsotYi4li6zVWxYlZuYNCXe9XRJyk=
github.com/stretchr/testify v1.4.0/go.mod h1:j7eGeouHqKxXV5pUuKE4zz7dFj8WfuZ+81PSLYec5m4=
github.com/vishvananda/netlink v1.0.0 h1:bqNY2lgheFIu1meHUFSH3d7vG93AFyqg3oGbJCOJgSM=
github.com/vishvananda/netlink v1.0.0/go.mod h1:+SR5DhBJrl6ZM7CoCKvpw5BKroDKQ+PJqOg65H/2ktk=
github.com/vishvananda/netlink v1.1.0 h1:1iyaYNBLmP6L0220aDnYQpo1QEV4t4hJ+xEEhhJH8j0=
github.com/vishvananda/netlink v1.1.0/go.mod h1:cTgwzPIzzgDAYoQrMm0EdrjRUBkTqKYppBueQtXaqoE=
github.com/vishvananda/netns v0.0.0-20190625233234-7109fa855b0f h1:nBX3nTcmxEtHSERBJaIo1Qa26VwRaopnZmfDQUXsF4I=
github.com/vishvananda/netns v0.0.0-20190625233234-7109fa855b0f/go.mod h1:ZjcWmFBXmLKZu9Nxj3WKYEafiSqer2rnvPr0en9UNpI=
github.com/vishvananda/netns v0.0.0-20191106174202-0a2b9b5464df h1:OviZH7qLw/7ZovXvuNyL3XQl8UFofeikI1NW1Gypu7k=
github.com/vishvananda/netns v0.0.0-20191106174202-0a2b9b5464df/go.mod h1:JP3t17pCcGlemwknint6hfoeCVQrEMVwxRLRjXpq+BU=
golang.org/x/crypto v0.0.0-20190308221718-c2843e01d9a2 h1:VklqNMn3ovrHsnt90PveolxSbWFaJdECFbxSq0Mqo2M=
golang.org/x/crypto v0.0.0-20190308221718-c2843e01d9a2/go.mod h1:djNgcEr1/C05ACkg1iLfiJU5Ep61QUkGW8qpdssI0+w=
golang.org/x/crypto v0.0.0-20191029031824-8986dd9e96cf h1:fnPsqIDRbCSgumaMCRpoIoF2s4qxv0xSSS0BVZUE/ss=
golang.org/x/crypto v0.0.0-20191029031824-8986dd9e96cf/go.mod h1:LzIPMQfyMNhhGPhUkYOs5KpL4U8rLKemX1yGLhDgUto=
golang.org/x/crypto v0.0.0-20191105034135-c7e5f84aec59 h1:PyXRxSVbvzDGuqYXjHndV7xDzJ7w2K8KD9Ef8GB7KOE=
golang.org/x/crypto v0.0.0-20191105034135-c7e5f84aec59/go.mod h1:LzIPMQfyMNhhGPhUkYOs5KpL4U8rLKemX1yGLhDgUto=
golang.org/x/crypto v0.0.0-20191106202628-ed6320f186d4 h1:PDpCLFAH/YIX0QpHPf2eO7L4rC2OOirBrKtXTLLiNTY=
golang.org/x/crypto v0.0.0-20191106202628-ed6320f186d4/go.mod h1:LzIPMQfyMNhhGPhUkYOs5KpL4U8rLKemX1yGLhDgUto=
golang.org/x/crypto v0.0.0-20191112222119-e1110fd1c708 h1:pXVtWnwHkrWD9ru3sDxY/qFK/bfc0egRovX91EjWjf4=
golang.org/x/crypto v0.0.0-20191112222119-e1110fd1c708/go.mod h1:LzIPMQfyMNhhGPhUkYOs5KpL4U8rLKemX1yGLhDgUto=
golang.org/x/crypto v0.0.0-20200109152110-61a87790db17 h1:nVJ3guKA9qdkEQ3TUdXI9QSINo2CUPM/cySEvw2w8I0=
golang.org/x/crypto v0.0.0-20200109152110-61a87790db17/go.mod h1:LzIPMQfyMNhhGPhUkYOs5KpL4U8rLKemX1yGLhDgUto=
golang.org/x/crypto v0.0.0-20200221231518-2aa609cf4a9d h1:1ZiEyfaQIg3Qh0EoqpwAakHVhecoE5wlSg5GjnafJGw=
golang.org/x/crypto v0.0.0-20200221231518-2aa609cf4a9d/go.mod h1:LzIPMQfyMNhhGPhUkYOs5KpL4U8rLKemX1yGLhDgUto=
golang.org/x/net v0.0.0-20190404232315-eb5bcb51f2a3/go.mod h1:t9HGtf8HONx5eT2rtn7q6eTqICYqUVnKs3thJo3Qplg=
golang.org/x/net v0.0.0-20191101175033-0deb6923b6d9 h1:DPz9iiH3YoKiKhX/ijjoZvT0VFwK2c6CWYWQ7Zyr8TU=
golang.org/x/net v0.0.0-20191101175033-0deb6923b6d9/go.mod h1:z5CRVTTTmAJ677TzLLGU+0bjPO0LkuOLi4/5GtJWs/s=
golang.org/x/net v0.0.0-20191105084925-a882066a44e0 h1:QPlSTtPE2k6PZPasQUbzuK3p9JbS+vMXYVto8g/yrsg=
golang.org/x/net v0.0.0-20191105084925-a882066a44e0/go.mod h1:z5CRVTTTmAJ677TzLLGU+0bjPO0LkuOLi4/5GtJWs/s=
golang.org/x/net v0.0.0-20191112182307-2180aed22343 h1:00ohfJ4K98s3m6BGUoBd8nyfp4Yl0GoIKvw5abItTjI=
golang.org/x/net v0.0.0-20191112182307-2180aed22343/go.mod h1:z5CRVTTTmAJ677TzLLGU+0bjPO0LkuOLi4/5GtJWs/s=
golang.org/x/net v0.0.0-20191209160850-c0dbc17a3553 h1:efeOvDhwQ29Dj3SdAV/MJf8oukgn+8D8WgaCaRMchF8=
golang.org/x/net v0.0.0-20191209160850-c0dbc17a3553/go.mod h1:z5CRVTTTmAJ677TzLLGU+0bjPO0LkuOLi4/5GtJWs/s=
golang.org/x/net v0.0.0-20200219183655-46282727080f h1:dB42wwhNuwPvh8f+5zZWNcU+F2Xs/B9wXXwvUCOH7r8=
golang.org/x/net v0.0.0-20200219183655-46282727080f/go.mod h1:z5CRVTTTmAJ677TzLLGU+0bjPO0LkuOLi4/5GtJWs/s=
golang.org/x/net v0.0.0-20200226121028-0de0cce0169b h1:0mm1VjtFUOIlE1SbDlwjYaDxZVDP2S5ou6y0gSgXHu8=
golang.org/x/net v0.0.0-20200226121028-0de0cce0169b/go.mod h1:z5CRVTTTmAJ677TzLLGU+0bjPO0LkuOLi4/5GtJWs/s=
golang.org/x/net v0.0.0-20200301022130-244492dfa37a h1:GuSPYbZzB5/dcLNCwLQLsg3obCJtX9IJhpXkvY7kzk0=
golang.org/x/net v0.0.0-20200301022130-244492dfa37a/go.mod h1:z5CRVTTTmAJ677TzLLGU+0bjPO0LkuOLi4/5GtJWs/s=
golang.org/x/sys v0.0.0-20190215142949-d0b11bdaac8a h1:1BGLXjeY4akVXGgbC9HugT3Jv3hCI0z56oJR5vAMgBU=
golang.org/x/sys v0.0.0-20190215142949-d0b11bdaac8a/go.mod h1:STP8DvDyc/dI5b8T5hshtkjS+E42TnysNCUPdjciGhY=
golang.org/x/sys v0.0.0-20190405154228-4b34438f7a67 h1:1Fzlr8kkDLQwqMP8GxrhptBLqZG/EDpiATneiZHY998=
golang.org/x/sys v0.0.0-20190405154228-4b34438f7a67/go.mod h1:h1NjWce9XRLGQEsW7wpKNCjG9DtNlClVuFLEZdDNbEs=
golang.org/x/sys v0.0.0-20190412213103-97732733099d/go.mod h1:h1NjWce9XRLGQEsW7wpKNCjG9DtNlClVuFLEZdDNbEs=
golang.org/x/sys v0.0.0-20190606203320-7fc4e5ec1444/go.mod h1:h1NjWce9XRLGQEsW7wpKNCjG9DtNlClVuFLEZdDNbEs=
golang.org/x/sys v0.0.0-20191029155521-f43be2a4598c h1:S/FtSvpNLtFBgjTqcKsRpsa6aVsI6iztaz1bQd9BJwE=
golang.org/x/sys v0.0.0-20191029155521-f43be2a4598c/go.mod h1:h1NjWce9XRLGQEsW7wpKNCjG9DtNlClVuFLEZdDNbEs=
golang.org/x/sys v0.0.0-20191105142833-ac3223d80179 h1:IqVhUQp5B9ARnZUcfqXy6zP+A+YuPpP7IFo8gFeCOzU=
golang.org/x/sys v0.0.0-20191105142833-ac3223d80179/go.mod h1:h1NjWce9XRLGQEsW7wpKNCjG9DtNlClVuFLEZdDNbEs=
golang.org/x/sys v0.0.0-20191105231009-c1f44814a5cd h1:3x5uuvBgE6oaXJjCOvpCC1IpgJogqQ+PqGGU3ZxAgII=
golang.org/x/sys v0.0.0-20191105231009-c1f44814a5cd/go.mod h1:h1NjWce9XRLGQEsW7wpKNCjG9DtNlClVuFLEZdDNbEs=
golang.org/x/sys v0.0.0-20191112214154-59a1497f0cea h1:Mz1TMnfJDRJLk8S8OPCoJYgrsp/Se/2TBre2+vwX128=
golang.org/x/sys v0.0.0-20191112214154-59a1497f0cea/go.mod h1:h1NjWce9XRLGQEsW7wpKNCjG9DtNlClVuFLEZdDNbEs=
golang.org/x/sys v0.0.0-20200107162124-548cf772de50 h1:YvQ10rzcqWXLlJZ3XCUoO25savxmscf4+SC+ZqiCHhA=
golang.org/x/sys v0.0.0-20200107162124-548cf772de50/go.mod h1:h1NjWce9XRLGQEsW7wpKNCjG9DtNlClVuFLEZdDNbEs=
golang.org/x/sys v0.0.0-20200219091948-cb0a6d8edb6c h1:jceGD5YNJGgGMkJz79agzOln1K9TaZUjv5ird16qniQ=
golang.org/x/sys v0.0.0-20200219091948-cb0a6d8edb6c/go.mod h1:h1NjWce9XRLGQEsW7wpKNCjG9DtNlClVuFLEZdDNbEs=
golang.org/x/sys v0.0.0-20200223170610-d5e6a3e2c0ae h1:/WDfKMnPU+m5M4xB+6x4kaepxRw6jWvR5iDRdvjHgy8=
golang.org/x/sys v0.0.0-20200223170610-d5e6a3e2c0ae/go.mod h1:h1NjWce9XRLGQEsW7wpKNCjG9DtNlClVuFLEZdDNbEs=
golang.org/x/sys v0.0.0-20200301040627-c5d0d7b4ec88 h1:LNVdAhESTW4gWDhYvciNcGoS9CEcxRiUKE9kSgw+X3s=
golang.org/x/sys v0.0.0-20200301040627-c5d0d7b4ec88/go.mod h1:h1NjWce9XRLGQEsW7wpKNCjG9DtNlClVuFLEZdDNbEs=
golang.org/x/text v0.3.0 h1:g61tztE5qeGQ89tm6NTjjM9VPIm088od1l6aSorWRWg=
golang.org/x/text v0.3.0/go.mod h1:NqM8EUOU14njkJ3fqMW+pc6Ldnwhi/IjpwHt7yyuwOQ=
golang.org/x/text v0.3.2 h1:tW2bmiBqwgJj/UpqtC8EpXEZVYOwU0yG4iWbprSVAcs=
golang.org/x/text v0.3.2/go.mod h1:bEr9sfX3Q8Zfm5fL9x+3itogRgK3+ptLWKqgva+5dAk=
golang.org/x/tools v0.0.0-20180917221912-90fa682c2a6e/go.mod h1:n7NCudcB/nEzxVGmLbDWY5pfWTLqBcC2KZ6jyYvM4mQ=
gopkg.in/check.v1 v0.0.0-20161208181325-20d25e280405 h1:yhCVgyC4o1eVCa2tZl7eS0r+SDo693bJlVdllGtEeKM=
gopkg.in/check.v1 v0.0.0-20161208181325-20d25e280405/go.mod h1:Co6ibVJAznAaIkqp8huTwlJQCZ016jof/cbN4VW5Yz0=
gopkg.in/yaml.v2 v2.2.2 h1:ZCJp+EgiOT7lHqUV2J862kp8Qj64Jo6az82+3Td9dZw=
gopkg.in/yaml.v2 v2.2.2/go.mod h1:hI93XBmqTisBFMUTm0b8Fm+jr3Dg1NNxqwp+5A1VGuI=
